
Microsoft Visual Studio Solution File, Format Version 12.00
# Visual Studio 14
VisualStudioVersion = 14.0.25420.1
MinimumVisualStudioVersion = 10.0.40219.1
Project("{FAE04EC0-301F-11D3-BF4B-00C04F79EFBC}") = "Bomblix.SunnyPortal.Core", "Bomblix.SunnyPortal.Core\Bomblix.SunnyPortal.Core.csproj", "{22FF00D2-CB32-459E-ABA5-AC869D540136}"
EndProject
Project("{FAE04EC0-301F-11D3-BF4B-00C04F79EFBC}") = "Bomblix.SunnyPortal.Test", "Bomblix.SunnyPortal.Test\Bomblix.SunnyPortal.Test.csproj", "{0A525A3A-39D6-4E39-A7FE-CD4F99AC752D}"
EndProject
Global
	GlobalSection(SolutionConfigurationPlatforms) = preSolution
		Debug|Any CPU = Debug|Any CPU
		Debug|ARM = Debug|ARM
		Debug|x64 = Debug|x64
		Debug|x86 = Debug|x86
		Release|Any CPU = Release|Any CPU
		Release|ARM = Release|ARM
		Release|x64 = Release|x64
		Release|x86 = Release|x86
	EndGlobalSection
	GlobalSection(ProjectConfigurationPlatforms) = postSolution
		{22FF00D2-CB32-459E-ABA5-AC869D540136}.Debug|Any CPU.ActiveCfg = Debug|Any CPU
		{22FF00D2-CB32-459E-ABA5-AC869D540136}.Debug|Any CPU.Build.0 = Debug|Any CPU
		{22FF00D2-CB32-459E-ABA5-AC869D540136}.Debug|ARM.ActiveCfg = Debug|Any CPU
		{22FF00D2-CB32-459E-ABA5-AC869D540136}.Debug|ARM.Build.0 = Debug|Any CPU
		{22FF00D2-CB32-459E-ABA5-AC869D540136}.Debug|x64.ActiveCfg = Debug|Any CPU
		{22FF00D2-CB32-459E-ABA5-AC869D540136}.Debug|x64.Build.0 = Debug|Any CPU
		{22FF00D2-CB32-459E-ABA5-AC869D540136}.Debug|x86.ActiveCfg = Debug|Any CPU
		{22FF00D2-CB32-459E-ABA5-AC869D540136}.Debug|x86.Build.0 = Debug|Any CPU
		{22FF00D2-CB32-459E-ABA5-AC869D540136}.Release|Any CPU.ActiveCfg = Release|Any CPU
		{22FF00D2-CB32-459E-ABA5-AC869D540136}.Release|Any CPU.Build.0 = Release|Any CPU
		{22FF00D2-CB32-459E-ABA5-AC869D540136}.Release|ARM.ActiveCfg = Release|Any CPU
		{22FF00D2-CB32-459E-ABA5-AC869D540136}.Release|ARM.Build.0 = Release|Any CPU
		{22FF00D2-CB32-459E-ABA5-AC869D540136}.Release|x64.ActiveCfg = Release|Any CPU
		{22FF00D2-CB32-459E-ABA5-AC869D540136}.Release|x64.Build.0 = Release|Any CPU
		{22FF00D2-CB32-459E-ABA5-AC869D540136}.Release|x86.ActiveCfg = Release|Any CPU
		{22FF00D2-CB32-459E-ABA5-AC869D540136}.Release|x86.Build.0 = Release|Any CPU
		{0A525A3A-39D6-4E39-A7FE-CD4F99AC752D}.Debug|Any CPU.ActiveCfg = Debug|Any CPU
		{0A525A3A-39D6-4E39-A7FE-CD4F99AC752D}.Debug|Any CPU.Build.0 = Debug|Any CPU
		{0A525A3A-39D6-4E39-A7FE-CD4F99AC752D}.Debug|ARM.ActiveCfg = Debug|Any CPU
		{0A525A3A-39D6-4E39-A7FE-CD4F99AC752D}.Debug|ARM.Build.0 = Debug|Any CPU
		{0A525A3A-39D6-4E39-A7FE-CD4F99AC752D}.Debug|x64.ActiveCfg = Debug|Any CPU
		{0A525A3A-39D6-4E39-A7FE-CD4F99AC752D}.Debug|x64.Build.0 = Debug|Any CPU
		{0A525A3A-39D6-4E39-A7FE-CD4F99AC752D}.Debug|x86.ActiveCfg = Debug|Any CPU
		{0A525A3A-39D6-4E39-A7FE-CD4F99AC752D}.Debug|x86.Build.0 = Debug|Any CPU
		{0A525A3A-39D6-4E39-A7FE-CD4F99AC752D}.Release|Any CPU.ActiveCfg = Release|Any CPU
		{0A525A3A-39D6-4E39-A7FE-CD4F99AC752D}.Release|Any CPU.Build.0 = Release|Any CPU
		{0A525A3A-39D6-4E39-A7FE-CD4F99AC752D}.Release|ARM.ActiveCfg = Release|Any CPU
		{0A525A3A-39D6-4E39-A7FE-CD4F99AC752D}.Release|ARM.Build.0 = Release|Any CPU
		{0A525A3A-39D6-4E39-A7FE-CD4F99AC752D}.Release|x64.ActiveCfg = Release|Any CPU
		{0A525A3A-39D6-4E39-A7FE-CD4F99AC752D}.Release|x64.Build.0 = Release|Any CPU
		{0A525A3A-39D6-4E39-A7FE-CD4F99AC752D}.Release|x86.ActiveCfg = Release|Any CPU
		{0A525A3A-39D6-4E39-A7FE-CD4F99AC752D}.Release|x86.Build.0 = Release|Any CPU
	EndGlobalSection
	GlobalSection(SolutionProperties) = preSolution
		HideSolutionNode = FALSE
	EndGlobalSection
EndGlobal
